// !$*UTF8*$!
{
	archiveVersion = 1;
	classes = {
	};
	objectVersion = 50;
	objects = {

/* Begin PBXBuildFile section */
		9D975EB224BD2C1400D28427 /* DragAndDropApp.swift in Sources */ = {isa = PBXBuildFile; fileRef = 9D975EB124BD2C1400D28427 /* DragAndDropApp.swift */; };
		9D975EB424BD2C1400D28427 /* ContentView.swift in Sources */ = {isa = PBXBuildFile; fileRef = 9D975EB324BD2C1400D28427 /* ContentView.swift */; };
		9D975EB624BD2C1500D28427 /* Assets.xcassets in Resources */ = {isa = PBXBuildFile; fileRef = 9D975EB524BD2C1500D28427 /* Assets.xcassets */; };
		9D975EB924BD2C1500D28427 /* Preview Assets.xcassets in Resources */ = {isa = PBXBuildFile; fileRef = 9D975EB824BD2C1500D28427 /* Preview Assets.xcassets */; };
		9D975EC424BD2C1500D28427 /* DragAndDropTests.swift in Sources */ = {isa = PBXBuildFile; fileRef = 9D975EC324BD2C1500D28427 /* DragAndDropTests.swift */; };
		9D975ECF24BD2C1500D28427 /* DragAndDropUITests.swift in Sources */ = {isa = PBXBuildFile; fileRef = 9D975ECE24BD2C1500D28427 /* DragAndDropUITests.swift */; };
/* End PBXBuildFile section */

/* Begin PBXContainerItemProxy section */
		9D975EC024BD2C1500D28427 /* PBXContainerItemProxy */ = {
			isa = PBXContainerItemProxy;
			containerPortal = 9D975EA624BD2C1400D28427 /* Project object */;
			proxyType = 1;
			remoteGlobalIDString = 9D975EAD24BD2C1400D28427;
			remoteInfo = DragAndDrop;
		};
		9D975ECB24BD2C1500D28427 /* PBXContainerItemProxy */ = {
			isa = PBXContainerItemProxy;
			containerPortal = 9D975EA624BD2C1400D28427 /* Project object */;
			proxyType = 1;
			remoteGlobalIDString = 9D975EAD24BD2C1400D28427;
			remoteInfo = DragAndDrop;
		};
/* End PBXContainerItemProxy section */

/* Begin PBXFileReference section */
		9D975EAE24BD2C1400D28427 /* DragAndDrop.app */ = {isa = PBXFileReference; explicitFileType = wrapper.application; includeInIndex = 0; path = DragAndDrop.app; sourceTree = BUILT_PRODUCTS_DIR; };
		9D975EB124BD2C1400D28427 /* DragAndDropApp.swift */ = {isa = PBXFileReference; lastKnownFileType = sourcecode.swift; path = DragAndDropApp.swift; sourceTree = "<group>"; };
		9D975EB324BD2C1400D28427 /* ContentView.swift */ = {isa = PBXFileReference; lastKnownFileType = sourcecode.swift; path = ContentView.swift; sourceTree = "<group>"; };
		9D975EB524BD2C1500D28427 /* Assets.xcassets */ = {isa = PBXFileReference; lastKnownFileType = folder.assetcatalog; path = Assets.xcassets; sourceTree = "<group>"; };
		9D975EB824BD2C1500D28427 /* Preview Assets.xcassets */ = {isa = PBXFileReference; lastKnownFileType = folder.assetcatalog; path = "Preview Assets.xcassets"; sourceTree = "<group>"; };
		9D975EBA24BD2C1500D28427 /* Info.plist */ = {isa = PBXFileReference; lastKnownFileType = text.plist.xml; path = Info.plist; sourceTree = "<group>"; };
		9D975EBF24BD2C1500D28427 /* DragAndDropTests.xctest */ = {isa = PBXFileReference; explicitFileType = wrapper.cfbundle; includeInIndex = 0; path = DragAndDropTests.xctest; sourceTree = BUILT_PRODUCTS_DIR; };
		9D975EC324BD2C1500D28427 /* DragAndDropTests.swift */ = {isa = PBXFileReference; lastKnownFileType = sourcecode.swift; path = DragAndDropTests.swift; sourceTree = "<group>"; };
		9D975EC524BD2C1500D28427 /* Info.plist */ = {isa = PBXFileReference; lastKnownFileType = text.plist.xml; path = Info.plist; sourceTree = "<group>"; };
		9D975ECA24BD2C1500D28427 /* DragAndDropUITests.xctest */ = {isa = PBXFileReference; explicitFileType = wrapper.cfbundle; includeInIndex = 0; path = DragAndDropUITests.xctest; sourceTree = BUILT_PRODUCTS_DIR; };
		9D975ECE24BD2C1500D28427 /* DragAndDropUITests.swift */ = {isa = PBXFileReference; lastKnownFileType = sourcecode.swift; path = DragAndDropUITests.swift; sourceTree = "<group>"; };
		9D975ED024BD2C1500D28427 /* Info.plist */ = {isa = PBXFileReference; lastKnownFileType = text.plist.xml; path = Info.plist; sourceTree = "<group>"; };
/* End PBXFileReference section */

/* Begin PBXFrameworksBuildPhase section */
		9D975EAB24BD2C1400D28427 /* Frameworks */ = {
			isa = PBXFrameworksBuildPhase;
			buildActionMask = 2147483647;
			files = (
			);
			runOnlyForDeploymentPostprocessing = 0;
		};
		9D975EBC24BD2C1500D28427 /* Frameworks */ = {
			isa = PBXFrameworksBuildPhase;
			buildActionMask = 2147483647;
			files = (
			);
			runOnlyForDeploymentPostprocessing = 0;
		};
		9D975EC724BD2C1500D28427 /* Frameworks */ = {
			isa = PBXFrameworksBuildPhase;
			buildActionMask = 2147483647;
			files = (
			);
			runOnlyForDeploymentPostprocessing = 0;
		};
/* End PBXFrameworksBuildPhase section */

/* Begin PBXGroup section */
		9D975EA524BD2C1400D28427 = {
			isa = PBXGroup;
			children = (
				9D975EB024BD2C1400D28427 /* DragAndDrop */,
				9D975EC224BD2C1500D28427 /* DragAndDropTests */,
				9D975ECD24BD2C1500D28427 /* DragAndDropUITests */,
				9D975EAF24BD2C1400D28427 /* Products */,
			);
			sourceTree = "<group>";
		};
		9D975EAF24BD2C1400D28427 /* Products */ = {
			isa = PBXGroup;
			children = (
				9D975EAE24BD2C1400D28427 /* DragAndDrop.app */,
				9D975EBF24BD2C1500D28427 /* DragAndDropTests.xctest */,
				9D975ECA24BD2C1500D28427 /* DragAndDropUITests.xctest */,
			);
			name = Products;
			sourceTree = "<group>";
		};
		9D975EB024BD2C1400D28427 /* DragAndDrop */ = {
			isa = PBXGroup;
			children = (
				9D975EB124BD2C1400D28427 /* DragAndDropApp.swift */,
				9D975EB324BD2C1400D28427 /* ContentView.swift */,
				9D975EB524BD2C1500D28427 /* Assets.xcassets */,
				9D975EBA24BD2C1500D28427 /* Info.plist */,
				9D975EB724BD2C1500D28427 /* Preview Content */,
			);
			path = DragAndDrop;
			sourceTree = "<group>";
		};
		9D975EB724BD2C1500D28427 /* Preview Content */ = {
			isa = PBXGroup;
			children = (
				9D975EB824BD2C1500D28427 /* Preview Assets.xcassets */,
			);
			path = "Preview Content";
			sourceTree = "<group>";
		};
		9D975EC224BD2C1500D28427 /* DragAndDropTests */ = {
			isa = PBXGroup;
			children = (
				9D975EC324BD2C1500D28427 /* DragAndDropTests.swift */,
				9D975EC524BD2C1500D28427 /* Info.plist */,
			);
			path = DragAndDropTests;
			sourceTree = "<group>";
		};
		9D975ECD24BD2C1500D28427 /* DragAndDropUITests */ = {
			isa = PBXGroup;
			children = (
				9D975ECE24BD2C1500D28427 /* DragAndDropUITests.swift */,
				9D975ED024BD2C1500D28427 /* Info.plist */,
			);
			path = DragAndDropUITests;
			sourceTree = "<group>";
		};
/* End PBXGroup section */

/* Begin PBXNativeTarget section */
		9D975EAD24BD2C1400D28427 /* DragAndDrop */ = {
			isa = PBXNativeTarget;
			buildConfigurationList = 9D975ED324BD2C1500D28427 /* Build configuration list for PBXNativeTarget "DragAndDrop" */;
			buildPhases = (
				9D975EAA24BD2C1400D28427 /* Sources */,
				9D975EAB24BD2C1400D28427 /* Frameworks */,
				9D975EAC24BD2C1400D28427 /* Resources */,
			);
			buildRules = (
			);
			dependencies = (
			);
			name = DragAndDrop;
			productName = DragAndDrop;
			productReference = 9D975EAE24BD2C1400D28427 /* DragAndDrop.app */;
			productType = "com.apple.product-type.application";
		};
		9D975EBE24BD2C1500D28427 /* DragAndDropTests */ = {
			isa = PBXNativeTarget;
			buildConfigurationList = 9D975ED624BD2C1500D28427 /* Build configuration list for PBXNativeTarget "DragAndDropTests" */;
			buildPhases = (
				9D975EBB24BD2C1500D28427 /* Sources */,
				9D975EBC24BD2C1500D28427 /* Frameworks */,
				9D975EBD24BD2C1500D28427 /* Resources */,
			);
			buildRules = (
			);
			dependencies = (
				9D975EC124BD2C1500D28427 /* PBXTargetDependency */,
			);
			name = DragAndDropTests;
			productName = DragAndDropTests;
			productReference = 9D975EBF24BD2C1500D28427 /* DragAndDropTests.xctest */;
			productType = "com.apple.product-type.bundle.unit-test";
		};
		9D975EC924BD2C1500D28427 /* DragAndDropUITests */ = {
			isa = PBXNativeTarget;
			buildConfigurationList = 9D975ED924BD2C1500D28427 /* Build configuration list for PBXNativeTarget "DragAndDropUITests" */;
			buildPhases = (
				9D975EC624BD2C1500D28427 /* Sources */,
				9D975EC724BD2C1500D28427 /* Frameworks */,
				9D975EC824BD2C1500D28427 /* Resources */,
			);
			buildRules = (
			);
			dependencies = (
				9D975ECC24BD2C1500D28427 /* PBXTargetDependency */,
			);
			name = DragAndDropUITests;
			productName = DragAndDropUITests;
			productReference = 9D975ECA24BD2C1500D28427 /* DragAndDropUITests.xctest */;
			productType = "com.apple.product-type.bundle.ui-testing";
		};
/* End PBXNativeTarget section */

/* Begin PBXProject section */
		9D975EA624BD2C1400D28427 /* Project object */ = {
			isa = PBXProject;
			attributes = {
				LastSwiftUpdateCheck = 1200;
				LastUpgradeCheck = 1200;
				TargetAttributes = {
					9D975EAD24BD2C1400D28427 = {
						CreatedOnToolsVersion = 12.0;
					};
					9D975EBE24BD2C1500D28427 = {
						CreatedOnToolsVersion = 12.0;
						TestTargetID = 9D975EAD24BD2C1400D28427;
					};
					9D975EC924BD2C1500D28427 = {
						CreatedOnToolsVersion = 12.0;
						TestTargetID = 9D975EAD24BD2C1400D28427;
					};
				};
			};
			buildConfigurationList = 9D975EA924BD2C1400D28427 /* Build configuration list for PBXProject "DragAndDrop" */;
			compatibilityVersion = "Xcode 9.3";
			developmentRegion = en;
			hasScannedForEncodings = 0;
			knownRegions = (
				en,
				Base,
			);
			mainGroup = 9D975EA524BD2C1400D28427;
			productRefGroup = 9D975EAF24BD2C1400D28427 /* Products */;
			projectDirPath = "";
			projectRoot = "";
			targets = (
				9D975EAD24BD2C1400D28427 /* DragAndDrop */,
				9D975EBE24BD2C1500D28427 /* DragAndDropTests */,
				9D975EC924BD2C1500D28427 /* DragAndDropUITests */,
			);
		};
/* End PBXProject section */

/* Begin PBXResourcesBuildPhase section */
		9D975EAC24BD2C1400D28427 /* Resources */ = {
			isa = PBXResourcesBuildPhase;
			buildActionMask = 2147483647;
			files = (
				9D975EB924BD2C1500D28427 /* Preview Assets.xcassets in Resources */,
				9D975EB624BD2C1500D28427 /* Assets.xcassets in Resources */,
			);
			runOnlyForDeploymentPostprocessing = 0;
		};
		9D975EBD24BD2C1500D28427 /* Resources */ = {
			isa = PBXResourcesBuildPhase;
			buildActionMask = 2147483647;
			files = (
			);
			runOnlyForDeploymentPostprocessing = 0;
		};
		9D975EC824BD2C1500D28427 /* Resources */ = {
			isa = PBXResourcesBuildPhase;
			buildActionMask = 2147483647;
			files = (
			);
			runOnlyForDeploymentPostprocessing = 0;
		};
/* End PBXResourcesBuildPhase section */

/* Begin PBXSourcesBuildPhase section */
		9D975EAA24BD2C1400D28427 /* Sources */ = {
			isa = PBXSourcesBuildPhase;
			buildActionMask = 2147483647;
			files = (
				9D975EB424BD2C1400D28427 /* ContentView.swift in Sources */,
				9D975EB224BD2C1400D28427 /* DragAndDropApp.swift in Sources */,
			);
			runOnlyForDeploymentPostprocessing = 0;
		};
		9D975EBB24BD2C1500D28427 /* Sources */ = {
			isa = PBXSourcesBuildPhase;
			buildActionMask = 2147483647;
			files = (
				9D975EC424BD2C1500D28427 /* DragAndDropTests.swift in Sources */,
			);
			runOnlyForDeploymentPostprocessing = 0;
		};
		9D975EC624BD2C1500D28427 /* Sources */ = {
			isa = PBXSourcesBuildPhase;
			buildActionMask = 2147483647;
			files = (
				9D975ECF24BD2C1500D28427 /* DragAndDropUITests.swift in Sources */,
			);
			runOnlyForDeploymentPostprocessing = 0;
		};
/* End PBXSourcesBuildPhase section */

/* Begin PBXTargetDependency section */
		9D975EC124BD2C1500D28427 /* PBXTargetDependency */ = {
			isa = PBXTargetDependency;
			target = 9D975EAD24BD2C1400D28427 /* DragAndDrop */;
			targetProxy = 9D975EC024BD2C1500D28427 /* PBXContainerItemProxy */;
		};
		9D975ECC24BD2C1500D28427 /* PBXTargetDependency */ = {
			isa = PBXTargetDependency;
			target = 9D975EAD24BD2C1400D28427 /* DragAndDrop */;
			targetProxy = 9D975ECB24BD2C1500D28427 /* PBXContainerItemProxy */;
		};
/* End PBXTargetDependency section */

/* Begin XCBuildConfiguration section */
		9D975ED124BD2C1500D28427 /* Debug */ = {
			isa = XCBuildConfiguration;
			buildSettings = {
				ALWAYS_SEARCH_USER_PATHS = NO;
				CLANG_ANALYZER_NONNULL = YES;
				CLANG_ANALYZER_NUMBER_OBJECT_CONVERSION = YES_AGGRESSIVE;
				CLANG_CXX_LANGUAGE_STANDARD = "gnu++14";
				CLANG_CXX_LIBRARY = "libc++";
				CLANG_ENABLE_MODULES = YES;
				CLANG_ENABLE_OBJC_ARC = YES;
				CLANG_ENABLE_OBJC_WEAK = YES;
				CLANG_WARN_BLOCK_CAPTURE_AUTORELEASING = YES;
				CLANG_WARN_BOOL_CONVERSION = YES;
				CLANG_WARN_COMMA = YES;
				CLANG_WARN_CONSTANT_CONVERSION = YES;
				CLANG_WARN_DEPRECATED_OBJC_IMPLEMENTATIONS = YES;
				CLANG_WARN_DIRECT_OBJC_ISA_USAGE = YES_ERROR;
				CLANG_WARN_DOCUMENTATION_COMMENTS = YES;
				CLANG_WARN_EMPTY_BODY = YES;
				CLANG_WARN_ENUM_CONVERSION = YES;
				CLANG_WARN_INFINITE_RECURSION = YES;
				CLANG_WARN_INT_CONVERSION = YES;
				CLANG_WARN_NON_LITERAL_NULL_CONVERSION = YES;
				CLANG_WARN_OBJC_IMPLICIT_RETAIN_SELF = YES;
				CLANG_WARN_OBJC_LITERAL_CONVERSION = YES;
				CLANG_WARN_OBJC_ROOT_CLASS = YES_ERROR;
				CLANG_WARN_QUOTED_INCLUDE_IN_FRAMEWORK_HEADER = YES;
				CLANG_WARN_RANGE_LOOP_ANALYSIS = YES;
				CLANG_WARN_STRICT_PROTOTYPES = YES;
				CLANG_WARN_SUSPICIOUS_MOVE = YES;
				CLANG_WARN_UNGUARDED_AVAILABILITY = YES_AGGRESSIVE;
				CLANG_WARN_UNREACHABLE_CODE = YES;
				CLANG_WARN__DUPLICATE_METHOD_MATCH = YES;
				COPY_PHASE_STRIP = NO;
				DEBUG_INFORMATION_FORMAT = dwarf;
				ENABLE_STRICT_OBJC_MSGSEND = YES;
				ENABLE_TESTABILITY = YES;
				GCC_C_LANGUAGE_STANDARD = gnu11;
				GCC_DYNAMIC_NO_PIC = NO;
				GCC_NO_COMMON_BLOCKS = YES;
				GCC_OPTIMIZATION_LEVEL = 0;
				GCC_PREPROCESSOR_DEFINITIONS = (
					"DEBUG=1",
					"$(inherited)",
				);
				GCC_WARN_64_TO_32_BIT_CONVERSION = YES;
				GCC_WARN_ABOUT_RETURN_TYPE = YES_ERROR;
				GCC_WARN_UNDECLARED_SELECTOR = YES;
				GCC_WARN_UNINITIALIZED_AUTOS = YES_AGGRESSIVE;
				GCC_WARN_UNUSED_FUNCTION = YES;
				GCC_WARN_UNUSED_VARIABLE = YES;
				IPHONEOS_DEPLOYMENT_TARGET = 14.0;
				MTL_ENABLE_DEBUG_INFO = INCLUDE_SOURCE;
				MTL_FAST_MATH = YES;
				ONLY_ACTIVE_ARCH = YES;
				SDKROOT = iphoneos;
				SWIFT_ACTIVE_COMPILATION_CONDITIONS = DEBUG;
				SWIFT_OPTIMIZATION_LEVEL = "-Onone";
			};
			name = Debug;
		};
		9D975ED224BD2C1500D28427 /* Release */ = {
			isa = XCBuildConfiguration;
			buildSettings = {
				ALWAYS_SEARCH_USER_PATHS = NO;
				CLANG_ANALYZER_NONNULL = YES;
				CLANG_ANALYZER_NUMBER_OBJECT_CONVERSION = YES_AGGRESSIVE;
				CLANG_CXX_LANGUAGE_STANDARD = "gnu++14";
				CLANG_CXX_LIBRARY = "libc++";
				CLANG_ENABLE_MODULES = YES;
				CLANG_ENABLE_OBJC_ARC = YES;
				CLANG_ENABLE_OBJC_WEAK = YES;
				CLANG_WARN_BLOCK_CAPTURE_AUTORELEASING = YES;
				CLANG_WARN_BOOL_CONVERSION = YES;
				CLANG_WARN_COMMA = YES;
				CLANG_WARN_CONSTANT_CONVERSION = YES;
				CLANG_WARN_DEPRECATED_OBJC_IMPLEMENTATIONS = YES;
				CLANG_WARN_DIRECT_OBJC_ISA_USAGE = YES_ERROR;
				CLANG_WARN_DOCUMENTATION_COMMENTS = YES;
				CLANG_WARN_EMPTY_BODY = YES;
				CLANG_WARN_ENUM_CONVERSION = YES;
				CLANG_WARN_INFINITE_RECURSION = YES;
				CLANG_WARN_INT_CONVERSION = YES;
				CLANG_WARN_NON_LITERAL_NULL_CONVERSION = YES;
				CLANG_WARN_OBJC_IMPLICIT_RETAIN_SELF = YES;
				CLANG_WARN_OBJC_LITERAL_CONVERSION = YES;
				CLANG_WARN_OBJC_ROOT_CLASS = YES_ERROR;
				CLANG_WARN_QUOTED_INCLUDE_IN_FRAMEWORK_HEADER = YES;
				CLANG_WARN_RANGE_LOOP_ANALYSIS = YES;
				CLANG_WARN_STRICT_PROTOTYPES = YES;
				CLANG_WARN_SUSPICIOUS_MOVE = YES;
				CLANG_WARN_UNGUARDED_AVAILABILITY = YES_AGGRESSIVE;
				CLANG_WARN_UNREACHABLE_CODE = YES;
				CLANG_WARN__DUPLICATE_METHOD_MATCH = YES;
				COPY_PHASE_STRIP = NO;
				DEBUG_INFORMATION_FORMAT = "dwarf-with-dsym";
				ENABLE_NS_ASSERTIONS = NO;
				ENABLE_STRICT_OBJC_MSGSEND = YES;
				GCC_C_LANGUAGE_STANDARD = gnu11;
				GCC_NO_COMMON_BLOCKS = YES;
				GCC_WARN_64_TO_32_BIT_CONVERSION = YES;
				GCC_WARN_ABOUT_RETURN_TYPE = YES_ERROR;
				GCC_WARN_UNDECLARED_SELECTOR = YES;
				GCC_WARN_UNINITIALIZED_AUTOS = YES_AGGRESSIVE;
				GCC_WARN_UNUSED_FUNCTION = YES;
				GCC_WARN_UNUSED_VARIABLE = YES;
				IPHONEOS_DEPLOYMENT_TARGET = 14.0;
				MTL_ENABLE_DEBUG_INFO = NO;
				MTL_FAST_MATH = YES;
				SDKROOT = iphoneos;
				SWIFT_COMPILATION_MODE = wholemodule;
				SWIFT_OPTIMIZATION_LEVEL = "-O";
				VALIDATE_PRODUCT = YES;
			};
			name = Release;
		};
		9D975ED424BD2C1500D28427 /* Debug */ = {
			isa = XCBuildConfiguration;
			buildSettings = {
				ASSETCATALOG_COMPILER_APPICON_NAME = AppIcon;
				ASSETCATALOG_COMPILER_GLOBAL_ACCENT_COLOR_NAME = AccentColor;
				CODE_SIGN_STYLE = Automatic;
				DEVELOPMENT_ASSET_PATHS = "\"DragAndDrop/Preview Content\"";
				ENABLE_PREVIEWS = YES;
				INFOPLIST_FILE = DragAndDrop/Info.plist;
				IPHONEOS_DEPLOYMENT_TARGET = 14.0;
				LD_RUNPATH_SEARCH_PATHS = (
					"$(inherited)",
					"@executable_path/Frameworks",
				);
				PRODUCT_BUNDLE_IDENTIFIER = FromF.github.com.DragAndDrop;
				PRODUCT_NAME = "$(TARGET_NAME)";
				SWIFT_VERSION = 5.0;
				TARGETED_DEVICE_FAMILY = "1,2";
			};
			name = Debug;
		};
		9D975ED524BD2C1500D28427 /* Release */ = {
			isa = XCBuildConfiguration;
			buildSettings = {
				ASSETCATALOG_COMPILER_APPICON_NAME = AppIcon;
				ASSETCATALOG_COMPILER_GLOBAL_ACCENT_COLOR_NAME = AccentColor;
				CODE_SIGN_STYLE = Automatic;
				DEVELOPMENT_ASSET_PATHS = "\"DragAndDrop/Preview Content\"";
				ENABLE_PREVIEWS = YES;
				INFOPLIST_FILE = DragAndDrop/Info.plist;
				IPHONEOS_DEPLOYMENT_TARGET = 14.0;
				LD_RUNPATH_SEARCH_PATHS = (
					"$(inherited)",
					"@executable_path/Frameworks",
				);
				PRODUCT_BUNDLE_IDENTIFIER = FromF.github.com.DragAndDrop;
				PRODUCT_NAME = "$(TARGET_NAME)";
				SWIFT_VERSION = 5.0;
				TARGETED_DEVICE_FAMILY = "1,2";
			};
			name = Release;
		};
		9D975ED724BD2C1500D28427 /* Debug */ = {
			isa = XCBuildConfiguration;
			buildSettings = {
				ALWAYS_EMBED_SWIFT_STANDARD_LIBRARIES = YES;
				BUNDLE_LOADER = "$(TEST_HOST)";
				CODE_SIGN_STYLE = Automatic;
				INFOPLIST_FILE = DragAndDropTests/Info.plist;
				IPHONEOS_DEPLOYMENT_TARGET = 14.0;
				LD_RUNPATH_SEARCH_PATHS = (
					"$(inherited)",
					"@executable_path/Frameworks",
					"@loader_path/Frameworks",
				);
				PRODUCT_BUNDLE_IDENTIFIER = FromF.github.com.DragAndDropTests;
				PRODUCT_NAME = "$(TARGET_NAME)";
				SWIFT_VERSION = 5.0;
				TARGETED_DEVICE_FAMILY = "1,2";
				TEST_HOST = "$(BUILT_PRODUCTS_DIR)/DragAndDrop.app/DragAndDrop";
			};
			name = Debug;
		};
		9D975ED824BD2C1500D28427 /* Release */ = {
			isa = XCBuildConfiguration;
			buildSettings = {
				ALWAYS_EMBED_SWIFT_STANDARD_LIBRARIES = YES;
				BUNDLE_LOADER = "$(TEST_HOST)";
				CODE_SIGN_STYLE = Automatic;
				INFOPLIST_FILE = DragAndDropTests/Info.plist;
				IPHONEOS_DEPLOYMENT_TARGET = 14.0;
				LD_RUNPATH_SEARCH_PATHS = (
					"$(inherited)",
					"@executable_path/Frameworks",
					"@loader_path/Frameworks",
				);
				PRODUCT_BUNDLE_IDENTIFIER = FromF.github.com.DragAndDropTests;
				PRODUCT_NAME = "$(TARGET_NAME)";
				SWIFT_VERSION = 5.0;
				TARGETED_DEVICE_FAMILY = "1,2";
				TEST_HOST = "$(BUILT_PRODUCTS_DIR)/DragAndDrop.app/DragAndDrop";
			};
			name = Release;
		};
		9D975EDA24BD2C1500D28427 /* Debug */ = {
			isa = XCBuildConfiguration;
			buildSettings = {
				ALWAYS_EMBED_SWIFT_STANDARD_LIBRARIES = YES;
				CODE_SIGN_STYLE = Automatic;
				INFOPLIST_FILE = DragAndDropUITests/Info.plist;
				LD_RUNPATH_SEARCH_PATHS = (
					"$(inherited)",
					"@executable_path/Frameworks",
					"@loader_path/Frameworks",
				);
				PRODUCT_BUNDLE_IDENTIFIER = FromF.github.com.DragAndDropUITests;
				PRODUCT_NAME = "$(TARGET_NAME)";
				SWIFT_VERSION = 5.0;
				TARGETED_DEVICE_FAMILY = "1,2";
				TEST_TARGET_NAME = DragAndDrop;
			};
			name = Debug;
		};
		9D975EDB24BD2C1500D28427 /* Release */ = {
			isa = XCBuildConfiguration;
			buildSettings = {
				ALWAYS_EMBED_SWIFT_STANDARD_LIBRARIES = YES;
				CODE_SIGN_STYLE = Automatic;
				INFOPLIST_FILE = DragAndDropUITests/Info.plist;
				LD_RUNPATH_SEARCH_PATHS = (
					"$(inherited)",
					"@executable_path/Frameworks",
					"@loader_path/Frameworks",
				);
				PRODUCT_BUNDLE_IDENTIFIER = FromF.github.com.DragAndDropUITests;
				PRODUCT_NAME = "$(TARGET_NAME)";
				SWIFT_VERSION = 5.0;
				TARGETED_DEVICE_FAMILY = "1,2";
				TEST_TARGET_NAME = DragAndDrop;
			};
			name = Release;
		};
/* End XCBuildConfiguration section */

/* Begin XCConfigurationList section */
		9D975EA924BD2C1400D28427 /* Build configuration list for PBXProject "DragAndDrop" */ = {
			isa = XCConfigurationList;
			buildConfigurations = (
				9D975ED124BD2C1500D28427 /* Debug */,
				9D975ED224BD2C1500D28427 /* Release */,
			);
			defaultConfigurationIsVisible = 0;
			defaultConfigurationName = Release;
		};
		9D975ED324BD2C1500D28427 /* Build configuration list for PBXNativeTarget "DragAndDrop" */ = {
			isa = XCConfigurationList;
			buildConfigurations = (
				9D975ED424BD2C1500D28427 /* Debug */,
				9D975ED524BD2C1500D28427 /* Release */,
			);
			defaultConfigurationIsVisible = 0;
			defaultConfigurationName = Release;
		};
		9D975ED624BD2C1500D28427 /* Build configuration list for PBXNativeTarget "DragAndDropTests" */ = {
			isa = XCConfigurationList;
			buildConfigurations = (
				9D975ED724BD2C1500D28427 /* Debug */,
				9D975ED824BD2C1500D28427 /* Release */,
			);
			defaultConfigurationIsVisible = 0;
			defaultConfigurationName = Release;
		};
		9D975ED924BD2C1500D28427 /* Build configuration list for PBXNativeTarget "DragAndDropUITests" */ = {
			isa = XCConfigurationList;
			buildConfigurations = (
				9D975EDA24BD2C1500D28427 /* Debug */,
				9D975EDB24BD2C1500D28427 /* Release */,
			);
			defaultConfigurationIsVisible = 0;
			defaultConfigurationName = Release;
		};
/* End XCConfigurationList section */
	};
	rootObject = 9D975EA624BD2C1400D28427 /* Project object */;
}
